
Microsoft Visual Studio Solution File, Format Version 12.00
# Visual Studio Version 16
VisualStudioVersion = 16.0.31129.286
MinimumVisualStudioVersion = 10.0.40219.1
Project("{9A19103F-16F7-4668-BE54-9A1E7A4F7556}") = "FactoryMethod", "FactoryMethod\FactoryMethod.csproj", "{1D401442-2805-40C4-8C71-103D08117EB6}"
EndProject
Project("{9A19103F-16F7-4668-BE54-9A1E7A4F7556}") = "AbstractFactory", "AbstractFactory\AbstractFactory.csproj", "{F17B49AE-141D-4E32-AA69-169912B01A54}"
EndProject
Project("{9A19103F-16F7-4668-BE54-9A1E7A4F7556}") = "Builder", "Builder\Builder.csproj", "{8D5D31A6-521B-41FD-9E24-42A8FE1CB3B4}"
EndProject
Project("{FAE04EC0-301F-11D3-BF4B-00C04F79EFBC}") = "Adapter", "Adapter\Adapter.csproj", "{48513B52-72F9-4B27-B354-ED7AA09A0FE9}"
EndProject
Project("{FAE04EC0-301F-11D3-BF4B-00C04F79EFBC}") = "Bridge", "Bridge\Bridge.csproj", "{E33AA631-74F1-4755-9478-D6440FD5B4AF}"
EndProject
Global
	GlobalSection(SolutionConfigurationPlatforms) = preSolution
		Debug|Any CPU = Debug|Any CPU
		Release|Any CPU = Release|Any CPU
	EndGlobalSection
	GlobalSection(ProjectConfigurationPlatforms) = postSolution
		{1D401442-2805-40C4-8C71-103D08117EB6}.Debug|Any CPU.ActiveCfg = Debug|Any CPU
		{1D401442-2805-40C4-8C71-103D08117EB6}.Debug|Any CPU.Build.0 = Debug|Any CPU
		{1D401442-2805-40C4-8C71-103D08117EB6}.Release|Any CPU.ActiveCfg = Release|Any CPU
		{1D401442-2805-40C4-8C71-103D08117EB6}.Release|Any CPU.Build.0 = Release|Any CPU
		{F17B49AE-141D-4E32-AA69-169912B01A54}.Debug|Any CPU.ActiveCfg = Debug|Any CPU
		{F17B49AE-141D-4E32-AA69-169912B01A54}.Debug|Any CPU.Build.0 = Debug|Any CPU
		{F17B49AE-141D-4E32-AA69-169912B01A54}.Release|Any CPU.ActiveCfg = Release|Any CPU
		{F17B49AE-141D-4E32-AA69-169912B01A54}.Release|Any CPU.Build.0 = Release|Any CPU
		{8D5D31A6-521B-41FD-9E24-42A8FE1CB3B4}.Debug|Any CPU.ActiveCfg = Debug|Any CPU
		{8D5D31A6-521B-41FD-9E24-42A8FE1CB3B4}.Debug|Any CPU.Build.0 = Debug|Any CPU
		{8D5D31A6-521B-41FD-9E24-42A8FE1CB3B4}.Release|Any CPU.ActiveCfg = Release|Any CPU
		{8D5D31A6-521B-41FD-9E24-42A8FE1CB3B4}.Release|Any CPU.Build.0 = Release|Any CPU
		{48513B52-72F9-4B27-B354-ED7AA09A0FE9}.Debug|Any CPU.ActiveCfg = Debug|Any CPU
		{48513B52-72F9-4B27-B354-ED7AA09A0FE9}.Debug|Any CPU.Build.0 = Debug|Any CPU
		{48513B52-72F9-4B27-B354-ED7AA09A0FE9}.Release|Any CPU.ActiveCfg = Release|Any CPU
		{48513B52-72F9-4B27-B354-ED7AA09A0FE9}.Release|Any CPU.Build.0 = Release|Any CPU
		{E33AA631-74F1-4755-9478-D6440FD5B4AF}.Debug|Any CPU.ActiveCfg = Debug|Any CPU
		{E33AA631-74F1-4755-9478-D6440FD5B4AF}.Debug|Any CPU.Build.0 = Debug|Any CPU
		{E33AA631-74F1-4755-9478-D6440FD5B4AF}.Release|Any CPU.ActiveCfg = Release|Any CPU
		{E33AA631-74F1-4755-9478-D6440FD5B4AF}.Release|Any CPU.Build.0 = Release|Any CPU
	EndGlobalSection
	GlobalSection(SolutionProperties) = preSolution
		HideSolutionNode = FALSE
	EndGlobalSection
	GlobalSection(ExtensibilityGlobals) = postSolution
		SolutionGuid = {70039039-E920-418D-B204-175726E031AB}
	EndGlobalSection
EndGlobal
